// !$*UTF8*$!
{
	archiveVersion = 1;
	classes = {
	};
	objectVersion = 50;
	objects = {

/* Begin PBXBuildFile section */
		EA188E1525C580F8000688C2 /* AppDelegate.swift in Sources */ = {isa = PBXBuildFile; fileRef = EA188E1425C580F8000688C2 /* AppDelegate.swift */; };
		EA188E1725C580F8000688C2 /* SceneDelegate.swift in Sources */ = {isa = PBXBuildFile; fileRef = EA188E1625C580F8000688C2 /* SceneDelegate.swift */; };
		EA188E1925C580F8000688C2 /* ViewController.swift in Sources */ = {isa = PBXBuildFile; fileRef = EA188E1825C580F8000688C2 /* ViewController.swift */; };
		EA188E1C25C580F8000688C2 /* Main.storyboard in Resources */ = {isa = PBXBuildFile; fileRef = EA188E1A25C580F8000688C2 /* Main.storyboard */; };
		EA188E1E25C580FA000688C2 /* Assets.xcassets in Resources */ = {isa = PBXBuildFile; fileRef = EA188E1D25C580FA000688C2 /* Assets.xcassets */; };
		EA188E2125C580FA000688C2 /* LaunchScreen.storyboard in Resources */ = {isa = PBXBuildFile; fileRef = EA188E1F25C580FA000688C2 /* LaunchScreen.storyboard */; };
		EA188E2A25C58110000688C2 /* Protocols.swift in Sources */ = {isa = PBXBuildFile; fileRef = EA188E2925C58110000688C2 /* Protocols.swift */; };
		EA188E2D25C582E0000688C2 /* MovieModel.swift in Sources */ = {isa = PBXBuildFile; fileRef = EA188E2C25C582E0000688C2 /* MovieModel.swift */; };
		EA188E3025C582F6000688C2 /* MovieResponse.swift in Sources */ = {isa = PBXBuildFile; fileRef = EA188E2F25C582F6000688C2 /* MovieResponse.swift */; };
		EA188E3B25C583D7000688C2 /* Presenter.swift in Sources */ = {isa = PBXBuildFile; fileRef = EA188E3A25C583D7000688C2 /* Presenter.swift */; };
		EA188E4025C5846D000688C2 /* Interactor.swift in Sources */ = {isa = PBXBuildFile; fileRef = EA188E3F25C5846D000688C2 /* Interactor.swift */; };
		EA188E4525C584DA000688C2 /* Router.swift in Sources */ = {isa = PBXBuildFile; fileRef = EA188E4425C584DA000688C2 /* Router.swift */; };
/* End PBXBuildFile section */

/* Begin PBXFileReference section */
		EA188E1125C580F8000688C2 /* VIPERMovies.app */ = {isa = PBXFileReference; explicitFileType = wrapper.application; includeInIndex = 0; path = VIPERMovies.app; sourceTree = BUILT_PRODUCTS_DIR; };
		EA188E1425C580F8000688C2 /* AppDelegate.swift */ = {isa = PBXFileReference; lastKnownFileType = sourcecode.swift; path = AppDelegate.swift; sourceTree = "<group>"; };
		EA188E1625C580F8000688C2 /* SceneDelegate.swift */ = {isa = PBXFileReference; lastKnownFileType = sourcecode.swift; path = SceneDelegate.swift; sourceTree = "<group>"; };
		EA188E1825C580F8000688C2 /* ViewController.swift */ = {isa = PBXFileReference; lastKnownFileType = sourcecode.swift; path = ViewController.swift; sourceTree = "<group>"; };
		EA188E1B25C580F8000688C2 /* Base */ = {isa = PBXFileReference; lastKnownFileType = file.storyboard; name = Base; path = Base.lproj/Main.storyboard; sourceTree = "<group>"; };
		EA188E1D25C580FA000688C2 /* Assets.xcassets */ = {isa = PBXFileReference; lastKnownFileType = folder.assetcatalog; path = Assets.xcassets; sourceTree = "<group>"; };
		EA188E2025C580FA000688C2 /* Base */ = {isa = PBXFileReference; lastKnownFileType = file.storyboard; name = Base; path = Base.lproj/LaunchScreen.storyboard; sourceTree = "<group>"; };
		EA188E2225C580FA000688C2 /* Info.plist */ = {isa = PBXFileReference; lastKnownFileType = text.plist.xml; path = Info.plist; sourceTree = "<group>"; };
		EA188E2925C58110000688C2 /* Protocols.swift */ = {isa = PBXFileReference; lastKnownFileType = sourcecode.swift; path = Protocols.swift; sourceTree = "<group>"; };
		EA188E2C25C582E0000688C2 /* MovieModel.swift */ = {isa = PBXFileReference; lastKnownFileType = sourcecode.swift; path = MovieModel.swift; sourceTree = "<group>"; };
		EA188E2F25C582F6000688C2 /* MovieResponse.swift */ = {isa = PBXFileReference; lastKnownFileType = sourcecode.swift; path = MovieResponse.swift; sourceTree = "<group>"; };
		EA188E3A25C583D7000688C2 /* Presenter.swift */ = {isa = PBXFileReference; lastKnownFileType = sourcecode.swift; path = Presenter.swift; sourceTree = "<group>"; };
		EA188E3F25C5846D000688C2 /* Interactor.swift */ = {isa = PBXFileReference; lastKnownFileType = sourcecode.swift; path = Interactor.swift; sourceTree = "<group>"; };
		EA188E4425C584DA000688C2 /* Router.swift */ = {isa = PBXFileReference; lastKnownFileType = sourcecode.swift; path = Router.swift; sourceTree = "<group>"; };
/* End PBXFileReference section */

/* Begin PBXFrameworksBuildPhase section */
		EA188E0E25C580F8000688C2 /* Frameworks */ = {
			isa = PBXFrameworksBuildPhase;
			buildActionMask = 2147483647;
			files = (
			);
			runOnlyForDeploymentPostprocessing = 0;
		};
/* End PBXFrameworksBuildPhase section */

/* Begin PBXGroup section */
		EA188E0825C580F8000688C2 = {
			isa = PBXGroup;
			children = (
				EA188E1325C580F8000688C2 /* VIPERMovies */,
				EA188E1225C580F8000688C2 /* Products */,
			);
			sourceTree = "<group>";
		};
		EA188E1225C580F8000688C2 /* Products */ = {
			isa = PBXGroup;
			children = (
				EA188E1125C580F8000688C2 /* VIPERMovies.app */,
			);
			name = Products;
			sourceTree = "<group>";
		};
		EA188E1325C580F8000688C2 /* VIPERMovies */ = {
			isa = PBXGroup;
			children = (
				EA188E1A25C580F8000688C2 /* Main.storyboard */,
				EA188E1F25C580FA000688C2 /* LaunchScreen.storyboard */,
				EA188E1D25C580FA000688C2 /* Assets.xcassets */,
				EA188E2225C580FA000688C2 /* Info.plist */,
				EA188E3625C58343000688C2 /* Supporting Files */,
				EA188E3825C5835A000688C2 /* View */,
				EA188E4225C58498000688C2 /* Interactor */,
				EA188E3D25C583DB000688C2 /* Presenter */,
				EA188E3425C58314000688C2 /* Entity */,
				EA188E4725C584DD000688C2 /* Router */,
				EA188E3225C58308000688C2 /* Protocols */,
			);
			path = VIPERMovies;
			sourceTree = "<group>";
		};
		EA188E3225C58308000688C2 /* Protocols */ = {
			isa = PBXGroup;
			children = (
				EA188E2925C58110000688C2 /* Protocols.swift */,
			);
			path = Protocols;
			sourceTree = "<group>";
		};
		EA188E3425C58314000688C2 /* Entity */ = {
			isa = PBXGroup;
			children = (
				EA188E2C25C582E0000688C2 /* MovieModel.swift */,
				EA188E2F25C582F6000688C2 /* MovieResponse.swift */,
			);
			path = Entity;
			sourceTree = "<group>";
		};
		EA188E3625C58343000688C2 /* Supporting Files */ = {
			isa = PBXGroup;
			children = (
				EA188E1425C580F8000688C2 /* AppDelegate.swift */,
				EA188E1625C580F8000688C2 /* SceneDelegate.swift */,
			);
			path = "Supporting Files";
			sourceTree = "<group>";
		};
		EA188E3825C5835A000688C2 /* View */ = {
			isa = PBXGroup;
			children = (
				EA188E1825C580F8000688C2 /* ViewController.swift */,
			);
			path = View;
			sourceTree = "<group>";
		};
		EA188E3D25C583DB000688C2 /* Presenter */ = {
			isa = PBXGroup;
			children = (
				EA188E3A25C583D7000688C2 /* Presenter.swift */,
			);
			path = Presenter;
			sourceTree = "<group>";
		};
		EA188E4225C58498000688C2 /* Interactor */ = {
			isa = PBXGroup;
			children = (
				EA188E3F25C5846D000688C2 /* Interactor.swift */,
			);
			path = Interactor;
			sourceTree = "<group>";
		};
		EA188E4725C584DD000688C2 /* Router */ = {
			isa = PBXGroup;
			children = (
				EA188E4425C584DA000688C2 /* Router.swift */,
			);
			path = Router;
			sourceTree = "<group>";
		};
/* End PBXGroup section */

/* Begin PBXNativeTarget section */
		EA188E1025C580F8000688C2 /* VIPERMovies */ = {
			isa = PBXNativeTarget;
			buildConfigurationList = EA188E2525C580FA000688C2 /* Build configuration list for PBXNativeTarget "VIPERMovies" */;
			buildPhases = (
				EA188E0D25C580F8000688C2 /* Sources */,
				EA188E0E25C580F8000688C2 /* Frameworks */,
				EA188E0F25C580F8000688C2 /* Resources */,
			);
			buildRules = (
			);
			dependencies = (
			);
			name = VIPERMovies;
			productName = VIPERMovies;
			productReference = EA188E1125C580F8000688C2 /* VIPERMovies.app */;
			productType = "com.apple.product-type.application";
		};
/* End PBXNativeTarget section */

/* Begin PBXProject section */
		EA188E0925C580F8000688C2 /* Project object */ = {
			isa = PBXProject;
			attributes = {
				LastSwiftUpdateCheck = 1230;
				LastUpgradeCheck = 1230;
				TargetAttributes = {
					EA188E1025C580F8000688C2 = {
						CreatedOnToolsVersion = 12.3;
					};
				};
			};
			buildConfigurationList = EA188E0C25C580F8000688C2 /* Build configuration list for PBXProject "VIPERMovies" */;
			compatibilityVersion = "Xcode 9.3";
			developmentRegion = en;
			hasScannedForEncodings = 0;
			knownRegions = (
				en,
				Base,
			);
			mainGroup = EA188E0825C580F8000688C2;
			productRefGroup = EA188E1225C580F8000688C2 /* Products */;
			projectDirPath = "";
			projectRoot = "";
			targets = (
				EA188E1025C580F8000688C2 /* VIPERMovies */,
			);
		};
/* End PBXProject section */

/* Begin PBXResourcesBuildPhase section */
		EA188E0F25C580F8000688C2 /* Resources */ = {
			isa = PBXResourcesBuildPhase;
			buildActionMask = 2147483647;
			files = (
				EA188E2125C580FA000688C2 /* LaunchScreen.storyboard in Resources */,
				EA188E1E25C580FA000688C2 /* Assets.xcassets in Resources */,
				EA188E1C25C580F8000688C2 /* Main.storyboard in Resources */,
			);
			runOnlyForDeploymentPostprocessing = 0;
		};
/* End PBXResourcesBuildPhase section */

/* Begin PBXSourcesBuildPhase section */
		EA188E0D25C580F8000688C2 /* Sources */ = {
			isa = PBXSourcesBuildPhase;
			buildActionMask = 2147483647;
			files = (
				EA188E1925C580F8000688C2 /* ViewController.swift in Sources */,
				EA188E3B25C583D7000688C2 /* Presenter.swift in Sources */,
				EA188E1525C580F8000688C2 /* AppDelegate.swift in Sources */,
				EA188E2D25C582E0000688C2 /* MovieModel.swift in Sources */,
				EA188E4525C584DA000688C2 /* Router.swift in Sources */,
				EA188E3025C582F6000688C2 /* MovieResponse.swift in Sources */,
				EA188E1725C580F8000688C2 /* SceneDelegate.swift in Sources */,
				EA188E4025C5846D000688C2 /* Interactor.swift in Sources */,
				EA188E2A25C58110000688C2 /* Protocols.swift in Sources */,
			);
			runOnlyForDeploymentPostprocessing = 0;
		};
/* End PBXSourcesBuildPhase section */

/* Begin PBXVariantGroup section */
		EA188E1A25C580F8000688C2 /* Main.storyboard */ = {
			isa = PBXVariantGroup;
			children = (
				EA188E1B25C580F8000688C2 /* Base */,
			);
			name = Main.storyboard;
			sourceTree = "<group>";
		};
		EA188E1F25C580FA000688C2 /* LaunchScreen.storyboard */ = {
			isa = PBXVariantGroup;
			children = (
				EA188E2025C580FA000688C2 /* Base */,
			);
			name = LaunchScreen.storyboard;
			sourceTree = "<group>";
		};
/* End PBXVariantGroup section */

/* Begin XCBuildConfiguration section */
		EA188E2325C580FA000688C2 /* Debug */ = {
			isa = XCBuildConfiguration;
			buildSettings = {
				ALWAYS_SEARCH_USER_PATHS = NO;
				CLANG_ANALYZER_NONNULL = YES;
				CLANG_ANALYZER_NUMBER_OBJECT_CONVERSION = YES_AGGRESSIVE;
				CLANG_CXX_LANGUAGE_STANDARD = "gnu++14";
				CLANG_CXX_LIBRARY = "libc++";
				CLANG_ENABLE_MODULES = YES;
				CLANG_ENABLE_OBJC_ARC = YES;
				CLANG_ENABLE_OBJC_WEAK = YES;
				CLANG_WARN_BLOCK_CAPTURE_AUTORELEASING = YES;
				CLANG_WARN_BOOL_CONVERSION = YES;
				CLANG_WARN_COMMA = YES;
				CLANG_WARN_CONSTANT_CONVERSION = YES;
				CLANG_WARN_DEPRECATED_OBJC_IMPLEMENTATIONS = YES;
				CLANG_WARN_DIRECT_OBJC_ISA_USAGE = YES_ERROR;
				CLANG_WARN_DOCUMENTATION_COMMENTS = YES;
				CLANG_WARN_EMPTY_BODY = YES;
				CLANG_WARN_ENUM_CONVERSION = YES;
				CLANG_WARN_INFINITE_RECURSION = YES;
				CLANG_WARN_INT_CONVERSION = YES;
				CLANG_WARN_NON_LITERAL_NULL_CONVERSION = YES;
				CLANG_WARN_OBJC_IMPLICIT_RETAIN_SELF = YES;
				CLANG_WARN_OBJC_LITERAL_CONVERSION = YES;
				CLANG_WARN_OBJC_ROOT_CLASS = YES_ERROR;
				CLANG_WARN_QUOTED_INCLUDE_IN_FRAMEWORK_HEADER = YES;
				CLANG_WARN_RANGE_LOOP_ANALYSIS = YES;
				CLANG_WARN_STRICT_PROTOTYPES = YES;
				CLANG_WARN_SUSPICIOUS_MOVE = YES;
				CLANG_WARN_UNGUARDED_AVAILABILITY = YES_AGGRESSIVE;
				CLANG_WARN_UNREACHABLE_CODE = YES;
				CLANG_WARN__DUPLICATE_METHOD_MATCH = YES;
				COPY_PHASE_STRIP = NO;
				DEBUG_INFORMATION_FORMAT = dwarf;
				ENABLE_STRICT_OBJC_MSGSEND = YES;
				ENABLE_TESTABILITY = YES;
				GCC_C_LANGUAGE_STANDARD = gnu11;
				GCC_DYNAMIC_NO_PIC = NO;
				GCC_NO_COMMON_BLOCKS = YES;
				GCC_OPTIMIZATION_LEVEL = 0;
				GCC_PREPROCESSOR_DEFINITIONS = (
					"DEBUG=1",
					"$(inherited)",
				);
				GCC_WARN_64_TO_32_BIT_CONVERSION = YES;
				GCC_WARN_ABOUT_RETURN_TYPE = YES_ERROR;
				GCC_WARN_UNDECLARED_SELECTOR = YES;
				GCC_WARN_UNINITIALIZED_AUTOS = YES_AGGRESSIVE;
				GCC_WARN_UNUSED_FUNCTION = YES;
				GCC_WARN_UNUSED_VARIABLE = YES;
				IPHONEOS_DEPLOYMENT_TARGET = 14.3;
				MTL_ENABLE_DEBUG_INFO = INCLUDE_SOURCE;
				MTL_FAST_MATH = YES;
				ONLY_ACTIVE_ARCH = YES;
				SDKROOT = iphoneos;
				SWIFT_ACTIVE_COMPILATION_CONDITIONS = DEBUG;
				SWIFT_OPTIMIZATION_LEVEL = "-Onone";
			};
			name = Debug;
		};
		EA188E2425C580FA000688C2 /* Release */ = {
			isa = XCBuildConfiguration;
			buildSettings = {
				ALWAYS_SEARCH_USER_PATHS = NO;
				CLANG_ANALYZER_NONNULL = YES;
				CLANG_ANALYZER_NUMBER_OBJECT_CONVERSION = YES_AGGRESSIVE;
				CLANG_CXX_LANGUAGE_STANDARD = "gnu++14";
				CLANG_CXX_LIBRARY = "libc++";
				CLANG_ENABLE_MODULES = YES;
				CLANG_ENABLE_OBJC_ARC = YES;
				CLANG_ENABLE_OBJC_WEAK = YES;
				CLANG_WARN_BLOCK_CAPTURE_AUTORELEASING = YES;
				CLANG_WARN_BOOL_CONVERSION = YES;
				CLANG_WARN_COMMA = YES;
				CLANG_WARN_CONSTANT_CONVERSION = YES;
				CLANG_WARN_DEPRECATED_OBJC_IMPLEMENTATIONS = YES;
				CLANG_WARN_DIRECT_OBJC_ISA_USAGE = YES_ERROR;
				CLANG_WARN_DOCUMENTATION_COMMENTS = YES;
				CLANG_WARN_EMPTY_BODY = YES;
				CLANG_WARN_ENUM_CONVERSION = YES;
				CLANG_WARN_INFINITE_RECURSION = YES;
				CLANG_WARN_INT_CONVERSION = YES;
				CLANG_WARN_NON_LITERAL_NULL_CONVERSION = YES;
				CLANG_WARN_OBJC_IMPLICIT_RETAIN_SELF = YES;
				CLANG_WARN_OBJC_LITERAL_CONVERSION = YES;
				CLANG_WARN_OBJC_ROOT_CLASS = YES_ERROR;
				CLANG_WARN_QUOTED_INCLUDE_IN_FRAMEWORK_HEADER = YES;
				CLANG_WARN_RANGE_LOOP_ANALYSIS = YES;
				CLANG_WARN_STRICT_PROTOTYPES = YES;
				CLANG_WARN_SUSPICIOUS_MOVE = YES;
				CLANG_WARN_UNGUARDED_AVAILABILITY = YES_AGGRESSIVE;
				CLANG_WARN_UNREACHABLE_CODE = YES;
				CLANG_WARN__DUPLICATE_METHOD_MATCH = YES;
				COPY_PHASE_STRIP = NO;
				DEBUG_INFORMATION_FORMAT = "dwarf-with-dsym";
				ENABLE_NS_ASSERTIONS = NO;
				ENABLE_STRICT_OBJC_MSGSEND = YES;
				GCC_C_LANGUAGE_STANDARD = gnu11;
				GCC_NO_COMMON_BLOCKS = YES;
				GCC_WARN_64_TO_32_BIT_CONVERSION = YES;
				GCC_WARN_ABOUT_RETURN_TYPE = YES_ERROR;
				GCC_WARN_UNDECLARED_SELECTOR = YES;
				GCC_WARN_UNINITIALIZED_AUTOS = YES_AGGRESSIVE;
				GCC_WARN_UNUSED_FUNCTION = YES;
				GCC_WARN_UNUSED_VARIABLE = YES;
				IPHONEOS_DEPLOYMENT_TARGET = 14.3;
				MTL_ENABLE_DEBUG_INFO = NO;
				MTL_FAST_MATH = YES;
				SDKROOT = iphoneos;
				SWIFT_COMPILATION_MODE = wholemodule;
				SWIFT_OPTIMIZATION_LEVEL = "-O";
				VALIDATE_PRODUCT = YES;
			};
			name = Release;
		};
		EA188E2625C580FA000688C2 /* Debug */ = {
			isa = XCBuildConfiguration;
			buildSettings = {
				ASSETCATALOG_COMPILER_APPICON_NAME = AppIcon;
				ASSETCATALOG_COMPILER_GLOBAL_ACCENT_COLOR_NAME = AccentColor;
				CODE_SIGN_STYLE = Automatic;
				DEVELOPMENT_TEAM = 7GL4694PXJ;
				INFOPLIST_FILE = VIPERMovies/Info.plist;
				LD_RUNPATH_SEARCH_PATHS = (
					"$(inherited)",
					"@executable_path/Frameworks",
				);
				PRODUCT_BUNDLE_IDENTIFIER = viperdesignpattern.VIPERMovies;
				PRODUCT_NAME = "$(TARGET_NAME)";
				SWIFT_VERSION = 5.0;
				TARGETED_DEVICE_FAMILY = "1,2";
			};
			name = Debug;
		};
		EA188E2725C580FA000688C2 /* Release */ = {
			isa = XCBuildConfiguration;
			buildSettings = {
				ASSETCATALOG_COMPILER_APPICON_NAME = AppIcon;
				ASSETCATALOG_COMPILER_GLOBAL_ACCENT_COLOR_NAME = AccentColor;
				CODE_SIGN_STYLE = Automatic;
				DEVELOPMENT_TEAM = 7GL4694PXJ;
				INFOPLIST_FILE = VIPERMovies/Info.plist;
				LD_RUNPATH_SEARCH_PATHS = (
					"$(inherited)",
					"@executable_path/Frameworks",
				);
				PRODUCT_BUNDLE_IDENTIFIER = viperdesignpattern.VIPERMovies;
				PRODUCT_NAME = "$(TARGET_NAME)";
				SWIFT_VERSION = 5.0;
				TARGETED_DEVICE_FAMILY = "1,2";
			};
			name = Release;
		};
/* End XCBuildConfiguration section */

/* Begin XCConfigurationList section */
		EA188E0C25C580F8000688C2 /* Build configuration list for PBXProject "VIPERMovies" */ = {
			isa = XCConfigurationList;
			buildConfigurations = (
				EA188E2325C580FA000688C2 /* Debug */,
				EA188E2425C580FA000688C2 /* Release */,
			);
			defaultConfigurationIsVisible = 0;
			defaultConfigurationName = Release;
		};
		EA188E2525C580FA000688C2 /* Build configuration list for PBXNativeTarget "VIPERMovies" */ = {
			isa = XCConfigurationList;
			buildConfigurations = (
				EA188E2625C580FA000688C2 /* Debug */,
				EA188E2725C580FA000688C2 /* Release */,
			);
			defaultConfigurationIsVisible = 0;
			defaultConfigurationName = Release;
		};
/* End XCConfigurationList section */
	};
	rootObject = EA188E0925C580F8000688C2 /* Project object */;
}
